
Microsoft Visual Studio Solution File, Format Version 12.00
# Visual Studio Version 17
VisualStudioVersion = 17.14.36203.30 d17.14
MinimumVisualStudioVersion = 10.0.40219.1
Project("{FAE04EC0-301F-11D3-BF4B-00C04F79EFBC}") = "ValidatorApp", "ValidatorApp\ValidatorApp.csproj", "{48843F60-C08A-4F5C-8DF3-DCDB9266E413}"
EndProject
Global
	GlobalSection(SolutionConfigurationPlatforms) = preSolution
		Debug|Any CPU = Debug|Any CPU
		Release|Any CPU = Release|Any CPU
	EndGlobalSection
	GlobalSection(ProjectConfigurationPlatforms) = postSolution
		{48843F60-C08A-4F5C-8DF3-DCDB9266E413}.Debug|Any CPU.ActiveCfg = Debug|Any CPU
		{48843F60-C08A-4F5C-8DF3-DCDB9266E413}.Debug|Any CPU.Build.0 = Debug|Any CPU
		{48843F60-C08A-4F5C-8DF3-DCDB9266E413}.Release|Any CPU.ActiveCfg = Release|Any CPU
		{48843F60-C08A-4F5C-8DF3-DCDB9266E413}.Release|Any CPU.Build.0 = Release|Any CPU
	EndGlobalSection
	GlobalSection(SolutionProperties) = preSolution
		HideSolutionNode = FALSE
	EndGlobalSection
	GlobalSection(ExtensibilityGlobals) = postSolution
		SolutionGuid = {8C996B4E-E117-4248-A276-AE6162696525}
	EndGlobalSection
EndGlobal
