
Microsoft Visual Studio Solution File, Format Version 12.00
# Visual Studio Version 17
VisualStudioVersion = 17.14.36203.30 d17.14
MinimumVisualStudioVersion = 10.0.40219.1
Project("{FAE04EC0-301F-11D3-BF4B-00C04F79EFBC}") = "CodingChallenge7", "CodingChallenge7\CodingChallenge7.csproj", "{A24AE7EF-5C12-4CC4-9B4F-CE3DA42E06F0}"
EndProject
Project("{2150E333-8FDC-42A3-9474-1A3956D46DE8}") = "Solution Items", "Solution Items", "{8EC462FD-D22E-90A8-E5CE-7E832BA40C5D}"
	ProjectSection(SolutionItems) = preProject
		Ques4.html = Ques4.html
		Ques5.html = Ques5.html
		Ques6.html = Ques6.html
		Ques7.html = Ques7.html
		Ques8.html = Ques8.html
		Script1.js = Script1.js
		Ques3.html = Ques3.html
		Ques2.html = Ques2.html
		Ques1.html = Ques1.html
	EndProjectSection
EndProject
Global
	GlobalSection(SolutionConfigurationPlatforms) = preSolution
		Debug|Any CPU = Debug|Any CPU
		Release|Any CPU = Release|Any CPU
	EndGlobalSection
	GlobalSection(ProjectConfigurationPlatforms) = postSolution
		{A24AE7EF-5C12-4CC4-9B4F-CE3DA42E06F0}.Debug|Any CPU.ActiveCfg = Debug|Any CPU
		{A24AE7EF-5C12-4CC4-9B4F-CE3DA42E06F0}.Debug|Any CPU.Build.0 = Debug|Any CPU
		{A24AE7EF-5C12-4CC4-9B4F-CE3DA42E06F0}.Release|Any CPU.ActiveCfg = Release|Any CPU
		{A24AE7EF-5C12-4CC4-9B4F-CE3DA42E06F0}.Release|Any CPU.Build.0 = Release|Any CPU
	EndGlobalSection
	GlobalSection(SolutionProperties) = preSolution
		HideSolutionNode = FALSE
	EndGlobalSection
	GlobalSection(ExtensibilityGlobals) = postSolution
		SolutionGuid = {2F3C0E15-F037-403E-9A3E-A10128880713}
	EndGlobalSection
EndGlobal
