
Microsoft Visual Studio Solution File, Format Version 12.00
# Visual Studio Version 17
VisualStudioVersion = 17.14.36203.30 d17.14
MinimumVisualStudioVersion = 10.0.40219.1
Project("{FAE04EC0-301F-11D3-BF4B-00C04F79EFBC}") = "Ques2-DbFirstApproach", "Ques2-DbFirstApproach.csproj", "{A65C5B3D-AE8A-4E25-8A46-A4FECC3F9841}"
EndProject
Global
	GlobalSection(SolutionConfigurationPlatforms) = preSolution
		Debug|Any CPU = Debug|Any CPU
		Release|Any CPU = Release|Any CPU
	EndGlobalSection
	GlobalSection(ProjectConfigurationPlatforms) = postSolution
		{A65C5B3D-AE8A-4E25-8A46-A4FECC3F9841}.Debug|Any CPU.ActiveCfg = Debug|Any CPU
		{A65C5B3D-AE8A-4E25-8A46-A4FECC3F9841}.Debug|Any CPU.Build.0 = Debug|Any CPU
		{A65C5B3D-AE8A-4E25-8A46-A4FECC3F9841}.Release|Any CPU.ActiveCfg = Release|Any CPU
		{A65C5B3D-AE8A-4E25-8A46-A4FECC3F9841}.Release|Any CPU.Build.0 = Release|Any CPU
	EndGlobalSection
	GlobalSection(SolutionProperties) = preSolution
		HideSolutionNode = FALSE
	EndGlobalSection
	GlobalSection(ExtensibilityGlobals) = postSolution
		SolutionGuid = {30FB6826-D93B-47A8-AEBD-4FFE6F7A645C}
	EndGlobalSection
EndGlobal
