
Microsoft Visual Studio Solution File, Format Version 12.00
# Visual Studio Version 17
VisualStudioVersion = 17.14.36203.30 d17.14
MinimumVisualStudioVersion = 10.0.40219.1
Project("{FAE04EC0-301F-11D3-BF4B-00C04F79EFBC}") = "CodingChallenge_03", "CodingChallenge_03\CodingChallenge_03.csproj", "{C4DE0639-B657-40D5-A8DB-12C5D381B3AA}"
EndProject
Global
	GlobalSection(SolutionConfigurationPlatforms) = preSolution
		Debug|Any CPU = Debug|Any CPU
		Release|Any CPU = Release|Any CPU
	EndGlobalSection
	GlobalSection(ProjectConfigurationPlatforms) = postSolution
		{C4DE0639-B657-40D5-A8DB-12C5D381B3AA}.Debug|Any CPU.ActiveCfg = Debug|Any CPU
		{C4DE0639-B657-40D5-A8DB-12C5D381B3AA}.Debug|Any CPU.Build.0 = Debug|Any CPU
		{C4DE0639-B657-40D5-A8DB-12C5D381B3AA}.Release|Any CPU.ActiveCfg = Release|Any CPU
		{C4DE0639-B657-40D5-A8DB-12C5D381B3AA}.Release|Any CPU.Build.0 = Release|Any CPU
	EndGlobalSection
	GlobalSection(SolutionProperties) = preSolution
		HideSolutionNode = FALSE
	EndGlobalSection
	GlobalSection(ExtensibilityGlobals) = postSolution
		SolutionGuid = {CB0E7829-35A9-4D14-A8E4-DBFD3B3007C9}
	EndGlobalSection
EndGlobal
